
Microsoft Visual Studio Solution File, Format Version 12.00
# Visual Studio Version 16
VisualStudioVersion = 16.0.30621.155
MinimumVisualStudioVersion = 10.0.40219.1
Project("{FAE04EC0-301F-11D3-BF4B-00C04F79EFBC}") = "Lab_9_simmod", "Lab_9_simmod\Lab_9_simmod.csproj", "{63E8D740-9896-4C5D-BEDC-8F753C846267}"
EndProject
Global
	GlobalSection(SolutionConfigurationPlatforms) = preSolution
		Debug|Any CPU = Debug|Any CPU
		Release|Any CPU = Release|Any CPU
	EndGlobalSection
	GlobalSection(ProjectConfigurationPlatforms) = postSolution
		{63E8D740-9896-4C5D-BEDC-8F753C846267}.Debug|Any CPU.ActiveCfg = Debug|Any CPU
		{63E8D740-9896-4C5D-BEDC-8F753C846267}.Debug|Any CPU.Build.0 = Debug|Any CPU
		{63E8D740-9896-4C5D-BEDC-8F753C846267}.Release|Any CPU.ActiveCfg = Release|Any CPU
		{63E8D740-9896-4C5D-BEDC-8F753C846267}.Release|Any CPU.Build.0 = Release|Any CPU
	EndGlobalSection
	GlobalSection(SolutionProperties) = preSolution
		HideSolutionNode = FALSE
	EndGlobalSection
	GlobalSection(ExtensibilityGlobals) = postSolution
		SolutionGuid = {91D23CF0-5A0C-4F36-81CD-2E6F6B210F92}
	EndGlobalSection
EndGlobal
